// !$*UTF8*$!
{
	archiveVersion = 1;
	classes = {
	};
	objectVersion = 56;
	objects = {

/* Begin PBXBuildFile section */
		5C27AF702CA909510088EBFB /* too_close.mp3 in Resources */ = {isa = PBXBuildFile; fileRef = 5C27AF6F2CA909510088EBFB /* too_close.mp3 */; };
		5C27AF712CA909510088EBFB /* too_close.mp3 in Resources */ = {isa = PBXBuildFile; fileRef = 5C27AF6F2CA909510088EBFB /* too_close.mp3 */; };
		5C27AF722CA909510088EBFB /* too_close.mp3 in Resources */ = {isa = PBXBuildFile; fileRef = 5C27AF6F2CA909510088EBFB /* too_close.mp3 */; };
		5C47F7DE2CA56034001BF41F /* uitest2App.swift in Sources */ = {isa = PBXBuildFile; fileRef = 5C47F7DD2CA56034001BF41F /* uitest2App.swift */; };
		5C47F7E02CA56034001BF41F /* ContentView.swift in Sources */ = {isa = PBXBuildFile; fileRef = 5C47F7DF2CA56034001BF41F /* ContentView.swift */; };
		5C47F7E22CA56038001BF41F /* Assets.xcassets in Resources */ = {isa = PBXBuildFile; fileRef = 5C47F7E12CA56038001BF41F /* Assets.xcassets */; };
		5C47F7E52CA56038001BF41F /* Preview Assets.xcassets in Resources */ = {isa = PBXBuildFile; fileRef = 5C47F7E42CA56038001BF41F /* Preview Assets.xcassets */; };
		5C47F7EF2CA56039001BF41F /* uitest2Tests.swift in Sources */ = {isa = PBXBuildFile; fileRef = 5C47F7EE2CA56039001BF41F /* uitest2Tests.swift */; };
		5C47F7F92CA56039001BF41F /* uitest2UITests.swift in Sources */ = {isa = PBXBuildFile; fileRef = 5C47F7F82CA56039001BF41F /* uitest2UITests.swift */; };
		5C47F7FB2CA56039001BF41F /* uitest2UITestsLaunchTests.swift in Sources */ = {isa = PBXBuildFile; fileRef = 5C47F7FA2CA56039001BF41F /* uitest2UITestsLaunchTests.swift */; };
		5C47F8082CA5607B001BF41F /* VisionTestView.swift in Sources */ = {isa = PBXBuildFile; fileRef = 5C47F8072CA5607B001BF41F /* VisionTestView.swift */; };
		5C47F80A2CA5622F001BF41F /* UIViewControllerRepresentable.swift in Sources */ = {isa = PBXBuildFile; fileRef = 5C47F8092CA5622F001BF41F /* UIViewControllerRepresentable.swift */; };
/* End PBXBuildFile section */

/* Begin PBXContainerItemProxy section */
		5C47F7EB2CA56039001BF41F /* PBXContainerItemProxy */ = {
			isa = PBXContainerItemProxy;
			containerPortal = 5C47F7D22CA56034001BF41F /* Project object */;
			proxyType = 1;
			remoteGlobalIDString = 5C47F7D92CA56034001BF41F;
			remoteInfo = uitest2;
		};
		5C47F7F52CA56039001BF41F /* PBXContainerItemProxy */ = {
			isa = PBXContainerItemProxy;
			containerPortal = 5C47F7D22CA56034001BF41F /* Project object */;
			proxyType = 1;
			remoteGlobalIDString = 5C47F7D92CA56034001BF41F;
			remoteInfo = uitest2;
		};
/* End PBXContainerItemProxy section */

/* Begin PBXFileReference section */
		5C27AF6F2CA909510088EBFB /* too_close.mp3 */ = {isa = PBXFileReference; lastKnownFileType = audio.mp3; path = too_close.mp3; sourceTree = "<group>"; };
		5C47F7DA2CA56034001BF41F /* uitest2.app */ = {isa = PBXFileReference; explicitFileType = wrapper.application; includeInIndex = 0; path = uitest2.app; sourceTree = BUILT_PRODUCTS_DIR; };
		5C47F7DD2CA56034001BF41F /* uitest2App.swift */ = {isa = PBXFileReference; lastKnownFileType = sourcecode.swift; path = uitest2App.swift; sourceTree = "<group>"; };
		5C47F7DF2CA56034001BF41F /* ContentView.swift */ = {isa = PBXFileReference; lastKnownFileType = sourcecode.swift; path = ContentView.swift; sourceTree = "<group>"; };
		5C47F7E12CA56038001BF41F /* Assets.xcassets */ = {isa = PBXFileReference; lastKnownFileType = folder.assetcatalog; path = Assets.xcassets; sourceTree = "<group>"; };
		5C47F7E42CA56038001BF41F /* Preview Assets.xcassets */ = {isa = PBXFileReference; lastKnownFileType = folder.assetcatalog; path = "Preview Assets.xcassets"; sourceTree = "<group>"; };
		5C47F7EA2CA56039001BF41F /* uitest2Tests.xctest */ = {isa = PBXFileReference; explicitFileType = wrapper.cfbundle; includeInIndex = 0; path = uitest2Tests.xctest; sourceTree = BUILT_PRODUCTS_DIR; };
		5C47F7EE2CA56039001BF41F /* uitest2Tests.swift */ = {isa = PBXFileReference; lastKnownFileType = sourcecode.swift; path = uitest2Tests.swift; sourceTree = "<group>"; };
		5C47F7F42CA56039001BF41F /* uitest2UITests.xctest */ = {isa = PBXFileReference; explicitFileType = wrapper.cfbundle; includeInIndex = 0; path = uitest2UITests.xctest; sourceTree = BUILT_PRODUCTS_DIR; };
		5C47F7F82CA56039001BF41F /* uitest2UITests.swift */ = {isa = PBXFileReference; lastKnownFileType = sourcecode.swift; path = uitest2UITests.swift; sourceTree = "<group>"; };
		5C47F7FA2CA56039001BF41F /* uitest2UITestsLaunchTests.swift */ = {isa = PBXFileReference; lastKnownFileType = sourcecode.swift; path = uitest2UITestsLaunchTests.swift; sourceTree = "<group>"; };
		5C47F8072CA5607B001BF41F /* VisionTestView.swift */ = {isa = PBXFileReference; lastKnownFileType = sourcecode.swift; path = VisionTestView.swift; sourceTree = "<group>"; };
		5C47F8092CA5622F001BF41F /* UIViewControllerRepresentable.swift */ = {isa = PBXFileReference; lastKnownFileType = sourcecode.swift; path = UIViewControllerRepresentable.swift; sourceTree = "<group>"; };
		5CE0FE5C2CAECF37004B77E4 /* Info.plist */ = {isa = PBXFileReference; lastKnownFileType = text.plist; path = Info.plist; sourceTree = "<group>"; };
/* End PBXFileReference section */

/* Begin PBXFrameworksBuildPhase section */
		5C47F7D72CA56034001BF41F /* Frameworks */ = {
			isa = PBXFrameworksBuildPhase;
			buildActionMask = 2147483647;
			files = (
			);
			runOnlyForDeploymentPostprocessing = 0;
		};
		5C47F7E72CA56039001BF41F /* Frameworks */ = {
			isa = PBXFrameworksBuildPhase;
			buildActionMask = 2147483647;
			files = (
			);
			runOnlyForDeploymentPostprocessing = 0;
		};
		5C47F7F12CA56039001BF41F /* Frameworks */ = {
			isa = PBXFrameworksBuildPhase;
			buildActionMask = 2147483647;
			files = (
			);
			runOnlyForDeploymentPostprocessing = 0;
		};
/* End PBXFrameworksBuildPhase section */

/* Begin PBXGroup section */
		5C47F7D12CA56034001BF41F = {
			isa = PBXGroup;
			children = (
				5C47F7DC2CA56034001BF41F /* uitest2 */,
				5C47F7ED2CA56039001BF41F /* uitest2Tests */,
				5C47F7F72CA56039001BF41F /* uitest2UITests */,
				5C47F7DB2CA56034001BF41F /* Products */,
			);
			sourceTree = "<group>";
		};
		5C47F7DB2CA56034001BF41F /* Products */ = {
			isa = PBXGroup;
			children = (
				5C47F7DA2CA56034001BF41F /* uitest2.app */,
				5C47F7EA2CA56039001BF41F /* uitest2Tests.xctest */,
				5C47F7F42CA56039001BF41F /* uitest2UITests.xctest */,
			);
			name = Products;
			sourceTree = "<group>";
		};
		5C47F7DC2CA56034001BF41F /* uitest2 */ = {
			isa = PBXGroup;
			children = (
				5CE0FE5C2CAECF37004B77E4 /* Info.plist */,
				5C47F7DD2CA56034001BF41F /* uitest2App.swift */,
				5C47F7DF2CA56034001BF41F /* ContentView.swift */,
				5C47F7E12CA56038001BF41F /* Assets.xcassets */,
				5C47F7E32CA56038001BF41F /* Preview Content */,
				5C47F8072CA5607B001BF41F /* VisionTestView.swift */,
				5C47F8092CA5622F001BF41F /* UIViewControllerRepresentable.swift */,
			);
			path = uitest2;
			sourceTree = "<group>";
		};
		5C47F7E32CA56038001BF41F /* Preview Content */ = {
			isa = PBXGroup;
			children = (
				5C27AF6F2CA909510088EBFB /* too_close.mp3 */,
				5C47F7E42CA56038001BF41F /* Preview Assets.xcassets */,
			);
			path = "Preview Content";
			sourceTree = "<group>";
		};
		5C47F7ED2CA56039001BF41F /* uitest2Tests */ = {
			isa = PBXGroup;
			children = (
				5C47F7EE2CA56039001BF41F /* uitest2Tests.swift */,
			);
			path = uitest2Tests;
			sourceTree = "<group>";
		};
		5C47F7F72CA56039001BF41F /* uitest2UITests */ = {
			isa = PBXGroup;
			children = (
				5C47F7F82CA56039001BF41F /* uitest2UITests.swift */,
				5C47F7FA2CA56039001BF41F /* uitest2UITestsLaunchTests.swift */,
			);
			path = uitest2UITests;
			sourceTree = "<group>";
		};
/* End PBXGroup section */

/* Begin PBXNativeTarget section */
		5C47F7D92CA56034001BF41F /* uitest2 */ = {
			isa = PBXNativeTarget;
			buildConfigurationList = 5C47F7FE2CA56039001BF41F /* Build configuration list for PBXNativeTarget "uitest2" */;
			buildPhases = (
				5C47F7D62CA56034001BF41F /* Sources */,
				5C47F7D72CA56034001BF41F /* Frameworks */,
				5C47F7D82CA56034001BF41F /* Resources */,
			);
			buildRules = (
			);
			dependencies = (
			);
			name = uitest2;
			productName = uitest2;
			productReference = 5C47F7DA2CA56034001BF41F /* uitest2.app */;
			productType = "com.apple.product-type.application";
		};
		5C47F7E92CA56039001BF41F /* uitest2Tests */ = {
			isa = PBXNativeTarget;
			buildConfigurationList = 5C47F8012CA56039001BF41F /* Build configuration list for PBXNativeTarget "uitest2Tests" */;
			buildPhases = (
				5C47F7E62CA56039001BF41F /* Sources */,
				5C47F7E72CA56039001BF41F /* Frameworks */,
				5C47F7E82CA56039001BF41F /* Resources */,
			);
			buildRules = (
			);
			dependencies = (
				5C47F7EC2CA56039001BF41F /* PBXTargetDependency */,
			);
			name = uitest2Tests;
			productName = uitest2Tests;
			productReference = 5C47F7EA2CA56039001BF41F /* uitest2Tests.xctest */;
			productType = "com.apple.product-type.bundle.unit-test";
		};
		5C47F7F32CA56039001BF41F /* uitest2UITests */ = {
			isa = PBXNativeTarget;
			buildConfigurationList = 5C47F8042CA56039001BF41F /* Build configuration list for PBXNativeTarget "uitest2UITests" */;
			buildPhases = (
				5C47F7F02CA56039001BF41F /* Sources */,
				5C47F7F12CA56039001BF41F /* Frameworks */,
				5C47F7F22CA56039001BF41F /* Resources */,
			);
			buildRules = (
			);
			dependencies = (
				5C47F7F62CA56039001BF41F /* PBXTargetDependency */,
			);
			name = uitest2UITests;
			productName = uitest2UITests;
			productReference = 5C47F7F42CA56039001BF41F /* uitest2UITests.xctest */;
			productType = "com.apple.product-type.bundle.ui-testing";
		};
/* End PBXNativeTarget section */

/* Begin PBXProject section */
		5C47F7D22CA56034001BF41F /* Project object */ = {
			isa = PBXProject;
			attributes = {
				BuildIndependentTargetsInParallel = 1;
				LastSwiftUpdateCheck = 1520;
				LastUpgradeCheck = 1520;
				TargetAttributes = {
					5C47F7D92CA56034001BF41F = {
						CreatedOnToolsVersion = 15.2;
					};
					5C47F7E92CA56039001BF41F = {
						CreatedOnToolsVersion = 15.2;
						TestTargetID = 5C47F7D92CA56034001BF41F;
					};
					5C47F7F32CA56039001BF41F = {
						CreatedOnToolsVersion = 15.2;
						TestTargetID = 5C47F7D92CA56034001BF41F;
					};
				};
			};
			buildConfigurationList = 5C47F7D52CA56034001BF41F /* Build configuration list for PBXProject "uitest2" */;
			compatibilityVersion = "Xcode 14.0";
			developmentRegion = en;
			hasScannedForEncodings = 0;
			knownRegions = (
				en,
				Base,
			);
			mainGroup = 5C47F7D12CA56034001BF41F;
			productRefGroup = 5C47F7DB2CA56034001BF41F /* Products */;
			projectDirPath = "";
			projectRoot = "";
			targets = (
				5C47F7D92CA56034001BF41F /* uitest2 */,
				5C47F7E92CA56039001BF41F /* uitest2Tests */,
				5C47F7F32CA56039001BF41F /* uitest2UITests */,
			);
		};
/* End PBXProject section */

/* Begin PBXResourcesBuildPhase section */
		5C47F7D82CA56034001BF41F /* Resources */ = {
			isa = PBXResourcesBuildPhase;
			buildActionMask = 2147483647;
			files = (
				5C47F7E52CA56038001BF41F /* Preview Assets.xcassets in Resources */,
				5C47F7E22CA56038001BF41F /* Assets.xcassets in Resources */,
				5C27AF702CA909510088EBFB /* too_close.mp3 in Resources */,
			);
			runOnlyForDeploymentPostprocessing = 0;
		};
		5C47F7E82CA56039001BF41F /* Resources */ = {
			isa = PBXResourcesBuildPhase;
			buildActionMask = 2147483647;
			files = (
				5C27AF712CA909510088EBFB /* too_close.mp3 in Resources */,
			);
			runOnlyForDeploymentPostprocessing = 0;
		};
		5C47F7F22CA56039001BF41F /* Resources */ = {
			isa = PBXResourcesBuildPhase;
			buildActionMask = 2147483647;
			files = (
				5C27AF722CA909510088EBFB /* too_close.mp3 in Resources */,
			);
			runOnlyForDeploymentPostprocessing = 0;
		};
/* End PBXResourcesBuildPhase section */

/* Begin PBXSourcesBuildPhase section */
		5C47F7D62CA56034001BF41F /* Sources */ = {
			isa = PBXSourcesBuildPhase;
			buildActionMask = 2147483647;
			files = (
				5C47F7E02CA56034001BF41F /* ContentView.swift in Sources */,
				5C47F7DE2CA56034001BF41F /* uitest2App.swift in Sources */,
				5C47F8082CA5607B001BF41F /* VisionTestView.swift in Sources */,
				5C47F80A2CA5622F001BF41F /* UIViewControllerRepresentable.swift in Sources */,
			);
			runOnlyForDeploymentPostprocessing = 0;
		};
		5C47F7E62CA56039001BF41F /* Sources */ = {
			isa = PBXSourcesBuildPhase;
			buildActionMask = 2147483647;
			files = (
				5C47F7EF2CA56039001BF41F /* uitest2Tests.swift in Sources */,
			);
			runOnlyForDeploymentPostprocessing = 0;
		};
		5C47F7F02CA56039001BF41F /* Sources */ = {
			isa = PBXSourcesBuildPhase;
			buildActionMask = 2147483647;
			files = (
				5C47F7F92CA56039001BF41F /* uitest2UITests.swift in Sources */,
				5C47F7FB2CA56039001BF41F /* uitest2UITestsLaunchTests.swift in Sources */,
			);
			runOnlyForDeploymentPostprocessing = 0;
		};
/* End PBXSourcesBuildPhase section */

/* Begin PBXTargetDependency section */
		5C47F7EC2CA56039001BF41F /* PBXTargetDependency */ = {
			isa = PBXTargetDependency;
			target = 5C47F7D92CA56034001BF41F /* uitest2 */;
			targetProxy = 5C47F7EB2CA56039001BF41F /* PBXContainerItemProxy */;
		};
		5C47F7F62CA56039001BF41F /* PBXTargetDependency */ = {
			isa = PBXTargetDependency;
			target = 5C47F7D92CA56034001BF41F /* uitest2 */;
			targetProxy = 5C47F7F52CA56039001BF41F /* PBXContainerItemProxy */;
		};
/* End PBXTargetDependency section */

/* Begin XCBuildConfiguration section */
		5C47F7FC2CA56039001BF41F /* Debug */ = {
			isa = XCBuildConfiguration;
			buildSettings = {
				ALWAYS_SEARCH_USER_PATHS = NO;
				ASSETCATALOG_COMPILER_GENERATE_SWIFT_ASSET_SYMBOL_EXTENSIONS = YES;
				CLANG_ANALYZER_NONNULL = YES;
				CLANG_ANALYZER_NUMBER_OBJECT_CONVERSION = YES_AGGRESSIVE;
				CLANG_CXX_LANGUAGE_STANDARD = "gnu++20";
				CLANG_ENABLE_MODULES = YES;
				CLANG_ENABLE_OBJC_ARC = YES;
				CLANG_ENABLE_OBJC_WEAK = YES;
				CLANG_WARN_BLOCK_CAPTURE_AUTORELEASING = YES;
				CLANG_WARN_BOOL_CONVERSION = YES;
				CLANG_WARN_COMMA = YES;
				CLANG_WARN_CONSTANT_CONVERSION = YES;
				CLANG_WARN_DEPRECATED_OBJC_IMPLEMENTATIONS = YES;
				CLANG_WARN_DIRECT_OBJC_ISA_USAGE = YES_ERROR;
				CLANG_WARN_DOCUMENTATION_COMMENTS = YES;
				CLANG_WARN_EMPTY_BODY = YES;
				CLANG_WARN_ENUM_CONVERSION = YES;
				CLANG_WARN_INFINITE_RECURSION = YES;
				CLANG_WARN_INT_CONVERSION = YES;
				CLANG_WARN_NON_LITERAL_NULL_CONVERSION = YES;
				CLANG_WARN_OBJC_IMPLICIT_RETAIN_SELF = YES;
				CLANG_WARN_OBJC_LITERAL_CONVERSION = YES;
				CLANG_WARN_OBJC_ROOT_CLASS = YES_ERROR;
				CLANG_WARN_QUOTED_INCLUDE_IN_FRAMEWORK_HEADER = YES;
				CLANG_WARN_RANGE_LOOP_ANALYSIS = YES;
				CLANG_WARN_STRICT_PROTOTYPES = YES;
				CLANG_WARN_SUSPICIOUS_MOVE = YES;
				CLANG_WARN_UNGUARDED_AVAILABILITY = YES_AGGRESSIVE;
				CLANG_WARN_UNREACHABLE_CODE = YES;
				CLANG_WARN__DUPLICATE_METHOD_MATCH = YES;
				COPY_PHASE_STRIP = NO;
				DEBUG_INFORMATION_FORMAT = dwarf;
				ENABLE_STRICT_OBJC_MSGSEND = YES;
				ENABLE_TESTABILITY = YES;
				ENABLE_USER_SCRIPT_SANDBOXING = YES;
				GCC_C_LANGUAGE_STANDARD = gnu17;
				GCC_DYNAMIC_NO_PIC = NO;
				GCC_NO_COMMON_BLOCKS = YES;
				GCC_OPTIMIZATION_LEVEL = 0;
				GCC_PREPROCESSOR_DEFINITIONS = (
					"DEBUG=1",
					"$(inherited)",
				);
				GCC_WARN_64_TO_32_BIT_CONVERSION = YES;
				GCC_WARN_ABOUT_RETURN_TYPE = YES_ERROR;
				GCC_WARN_UNDECLARED_SELECTOR = YES;
				GCC_WARN_UNINITIALIZED_AUTOS = YES_AGGRESSIVE;
				GCC_WARN_UNUSED_FUNCTION = YES;
				GCC_WARN_UNUSED_VARIABLE = YES;
				IPHONEOS_DEPLOYMENT_TARGET = 17.2;
				LOCALIZATION_PREFERS_STRING_CATALOGS = YES;
				MTL_ENABLE_DEBUG_INFO = INCLUDE_SOURCE;
				MTL_FAST_MATH = YES;
				ONLY_ACTIVE_ARCH = YES;
				SDKROOT = iphoneos;
				SWIFT_ACTIVE_COMPILATION_CONDITIONS = "DEBUG $(inherited)";
				SWIFT_OPTIMIZATION_LEVEL = "-Onone";
			};
			name = Debug;
		};
		5C47F7FD2CA56039001BF41F /* Release */ = {
			isa = XCBuildConfiguration;
			buildSettings = {
				ALWAYS_SEARCH_USER_PATHS = NO;
				ASSETCATALOG_COMPILER_GENERATE_SWIFT_ASSET_SYMBOL_EXTENSIONS = YES;
				CLANG_ANALYZER_NONNULL = YES;
				CLANG_ANALYZER_NUMBER_OBJECT_CONVERSION = YES_AGGRESSIVE;
				CLANG_CXX_LANGUAGE_STANDARD = "gnu++20";
				CLANG_ENABLE_MODULES = YES;
				CLANG_ENABLE_OBJC_ARC = YES;
				CLANG_ENABLE_OBJC_WEAK = YES;
				CLANG_WARN_BLOCK_CAPTURE_AUTORELEASING = YES;
				CLANG_WARN_BOOL_CONVERSION = YES;
				CLANG_WARN_COMMA = YES;
				CLANG_WARN_CONSTANT_CONVERSION = YES;
				CLANG_WARN_DEPRECATED_OBJC_IMPLEMENTATIONS = YES;
				CLANG_WARN_DIRECT_OBJC_ISA_USAGE = YES_ERROR;
				CLANG_WARN_DOCUMENTATION_COMMENTS = YES;
				CLANG_WARN_EMPTY_BODY = YES;
				CLANG_WARN_ENUM_CONVERSION = YES;
				CLANG_WARN_INFINITE_RECURSION = YES;
				CLANG_WARN_INT_CONVERSION = YES;
				CLANG_WARN_NON_LITERAL_NULL_CONVERSION = YES;
				CLANG_WARN_OBJC_IMPLICIT_RETAIN_SELF = YES;
				CLANG_WARN_OBJC_LITERAL_CONVERSION = YES;
				CLANG_WARN_OBJC_ROOT_CLASS = YES_ERROR;
				CLANG_WARN_QUOTED_INCLUDE_IN_FRAMEWORK_HEADER = YES;
				CLANG_WARN_RANGE_LOOP_ANALYSIS = YES;
				CLANG_WARN_STRICT_PROTOTYPES = YES;
				CLANG_WARN_SUSPICIOUS_MOVE = YES;
				CLANG_WARN_UNGUARDED_AVAILABILITY = YES_AGGRESSIVE;
				CLANG_WARN_UNREACHABLE_CODE = YES;
				CLANG_WARN__DUPLICATE_METHOD_MATCH = YES;
				COPY_PHASE_STRIP = NO;
				DEBUG_INFORMATION_FORMAT = "dwarf-with-dsym";
				ENABLE_NS_ASSERTIONS = NO;
				ENABLE_STRICT_OBJC_MSGSEND = YES;
				ENABLE_USER_SCRIPT_SANDBOXING = YES;
				GCC_C_LANGUAGE_STANDARD = gnu17;
				GCC_NO_COMMON_BLOCKS = YES;
				GCC_WARN_64_TO_32_BIT_CONVERSION = YES;
				GCC_WARN_ABOUT_RETURN_TYPE = YES_ERROR;
				GCC_WARN_UNDECLARED_SELECTOR = YES;
				GCC_WARN_UNINITIALIZED_AUTOS = YES_AGGRESSIVE;
				GCC_WARN_UNUSED_FUNCTION = YES;
				GCC_WARN_UNUSED_VARIABLE = YES;
				IPHONEOS_DEPLOYMENT_TARGET = 17.2;
				LOCALIZATION_PREFERS_STRING_CATALOGS = YES;
				MTL_ENABLE_DEBUG_INFO = NO;
				MTL_FAST_MATH = YES;
				SDKROOT = iphoneos;
				SWIFT_COMPILATION_MODE = wholemodule;
				VALIDATE_PRODUCT = YES;
			};
			name = Release;
		};
		5C47F7FF2CA56039001BF41F /* Debug */ = {
			isa = XCBuildConfiguration;
			buildSettings = {
				ASSETCATALOG_COMPILER_APPICON_NAME = AppIcon;
				ASSETCATALOG_COMPILER_GLOBAL_ACCENT_COLOR_NAME = AccentColor;
				CODE_SIGN_STYLE = Automatic;
				CURRENT_PROJECT_VERSION = 1;
				DEVELOPMENT_ASSET_PATHS = "\"uitest2/Preview Content\"";
				DEVELOPMENT_TEAM = 3Y8DX3285Z;
				ENABLE_PREVIEWS = YES;
				GENERATE_INFOPLIST_FILE = YES;
				INFOPLIST_FILE = uitest2/Info.plist;
				INFOPLIST_KEY_LSApplicationCategoryType = "";
				INFOPLIST_KEY_NSCameraUsageDescription = "This app needs access to the camera to measure the distance between your face and the device for accurate vision testing.\n";
				INFOPLIST_KEY_NSMicrophoneUsageDescription = "This app needs access to the camera to measure the distance between your face and the device for accurate vision testing.\n";
				INFOPLIST_KEY_NSPrincipalClass = "";
				INFOPLIST_KEY_NSSpeechRecognitionUsageDescription = "This app uses speech recognition to allow you to read the letters aloud during the vision test.";
				INFOPLIST_KEY_UIApplicationSceneManifest_Generation = YES;
				INFOPLIST_KEY_UIApplicationSupportsIndirectInputEvents = YES;
				INFOPLIST_KEY_UILaunchScreen_Generation = YES;
				INFOPLIST_KEY_UISupportedInterfaceOrientations_iPad = "UIInterfaceOrientationPortrait UIInterfaceOrientationPortraitUpsideDown UIInterfaceOrientationLandscapeLeft UIInterfaceOrientationLandscapeRight";
				INFOPLIST_KEY_UISupportedInterfaceOrientations_iPhone = "UIInterfaceOrientationPortrait UIInterfaceOrientationLandscapeLeft UIInterfaceOrientationLandscapeRight";
				LD_RUNPATH_SEARCH_PATHS = (
					"$(inherited)",
					"@executable_path/Frameworks",
				);
				MARKETING_VERSION = 1.0;
				PRODUCT_BUNDLE_IDENTIFIER = tcw.ttttt;
				PRODUCT_NAME = "$(TARGET_NAME)";
				SWIFT_EMIT_LOC_STRINGS = YES;
				SWIFT_VERSION = 5.0;
				TARGETED_DEVICE_FAMILY = "1,2";
			};
			name = Debug;
		};
		5C47F8002CA56039001BF41F /* Release */ = {
			isa = XCBuildConfiguration;
			buildSettings = {
				ASSETCATALOG_COMPILER_APPICON_NAME = AppIcon;
				ASSETCATALOG_COMPILER_GLOBAL_ACCENT_COLOR_NAME = AccentColor;
				CODE_SIGN_STYLE = Automatic;
				CURRENT_PROJECT_VERSION = 1;
				DEVELOPMENT_ASSET_PATHS = "\"uitest2/Preview Content\"";
				DEVELOPMENT_TEAM = 3Y8DX3285Z;
				ENABLE_PREVIEWS = YES;
				GENERATE_INFOPLIST_FILE = YES;
				INFOPLIST_FILE = uitest2/Info.plist;
				INFOPLIST_KEY_LSApplicationCategoryType = "";
				INFOPLIST_KEY_NSCameraUsageDescription = "This app needs access to the camera to measure the distance between your face and the device for accurate vision testing.\n";
				INFOPLIST_KEY_NSMicrophoneUsageDescription = "This app needs access to the camera to measure the distance between your face and the device for accurate vision testing.\n";
				INFOPLIST_KEY_NSPrincipalClass = "";
				INFOPLIST_KEY_NSSpeechRecognitionUsageDescription = "This app uses speech recognition to allow you to read the letters aloud during the vision test.";
				INFOPLIST_KEY_UIApplicationSceneManifest_Generation = YES;
				INFOPLIST_KEY_UIApplicationSupportsIndirectInputEvents = YES;
				INFOPLIST_KEY_UILaunchScreen_Generation = YES;
				INFOPLIST_KEY_UISupportedInterfaceOrientations_iPad = "UIInterfaceOrientationPortrait UIInterfaceOrientationPortraitUpsideDown UIInterfaceOrientationLandscapeLeft UIInterfaceOrientationLandscapeRight";
				INFOPLIST_KEY_UISupportedInterfaceOrientations_iPhone = "UIInterfaceOrientationPortrait UIInterfaceOrientationLandscapeLeft UIInterfaceOrientationLandscapeRight";
				LD_RUNPATH_SEARCH_PATHS = (
					"$(inherited)",
					"@executable_path/Frameworks",
				);
				MARKETING_VERSION = 1.0;
				PRODUCT_BUNDLE_IDENTIFIER = tcw.ttttt;
				PRODUCT_NAME = "$(TARGET_NAME)";
				SWIFT_EMIT_LOC_STRINGS = YES;
				SWIFT_VERSION = 5.0;
				TARGETED_DEVICE_FAMILY = "1,2";
			};
			name = Release;
		};
		5C47F8022CA56039001BF41F /* Debug */ = {
			isa = XCBuildConfiguration;
			buildSettings = {
				ALWAYS_EMBED_SWIFT_STANDARD_LIBRARIES = YES;
				BUNDLE_LOADER = "$(TEST_HOST)";
				CODE_SIGN_STYLE = Automatic;
				CURRENT_PROJECT_VERSION = 1;
				DEVELOPMENT_TEAM = 3Y8DX3285Z;
				GENERATE_INFOPLIST_FILE = YES;
				IPHONEOS_DEPLOYMENT_TARGET = 17.2;
				MARKETING_VERSION = 1.0;
				PRODUCT_BUNDLE_IDENTIFIER = tcw.ttttt.uitest2Tests;
				PRODUCT_NAME = "$(TARGET_NAME)";
				SWIFT_EMIT_LOC_STRINGS = NO;
				SWIFT_VERSION = 5.0;
				TARGETED_DEVICE_FAMILY = "1,2";
				TEST_HOST = "$(BUILT_PRODUCTS_DIR)/uitest2.app/$(BUNDLE_EXECUTABLE_FOLDER_PATH)/uitest2";
			};
			name = Debug;
		};
		5C47F8032CA56039001BF41F /* Release */ = {
			isa = XCBuildConfiguration;
			buildSettings = {
				ALWAYS_EMBED_SWIFT_STANDARD_LIBRARIES = YES;
				BUNDLE_LOADER = "$(TEST_HOST)";
				CODE_SIGN_STYLE = Automatic;
				CURRENT_PROJECT_VERSION = 1;
				DEVELOPMENT_TEAM = 3Y8DX3285Z;
				GENERATE_INFOPLIST_FILE = YES;
				IPHONEOS_DEPLOYMENT_TARGET = 17.2;
				MARKETING_VERSION = 1.0;
				PRODUCT_BUNDLE_IDENTIFIER = tcw.ttttt.uitest2Tests;
				PRODUCT_NAME = "$(TARGET_NAME)";
				SWIFT_EMIT_LOC_STRINGS = NO;
				SWIFT_VERSION = 5.0;
				TARGETED_DEVICE_FAMILY = "1,2";
				TEST_HOST = "$(BUILT_PRODUCTS_DIR)/uitest2.app/$(BUNDLE_EXECUTABLE_FOLDER_PATH)/uitest2";
			};
			name = Release;
		};
		5C47F8052CA56039001BF41F /* Debug */ = {
			isa = XCBuildConfiguration;
			buildSettings = {
				ALWAYS_EMBED_SWIFT_STANDARD_LIBRARIES = YES;
				CODE_SIGN_STYLE = Automatic;
				CURRENT_PROJECT_VERSION = 1;
				DEVELOPMENT_TEAM = 3Y8DX3285Z;
				GENERATE_INFOPLIST_FILE = YES;
				MARKETING_VERSION = 1.0;
				PRODUCT_BUNDLE_IDENTIFIER = tcw.ttttt.uitest2UITests;
				PRODUCT_NAME = "$(TARGET_NAME)";
				SWIFT_EMIT_LOC_STRINGS = NO;
				SWIFT_VERSION = 5.0;
				TARGETED_DEVICE_FAMILY = "1,2";
				TEST_TARGET_NAME = uitest2;
			};
			name = Debug;
		};
		5C47F8062CA56039001BF41F /* Release */ = {
			isa = XCBuildConfiguration;
			buildSettings = {
				ALWAYS_EMBED_SWIFT_STANDARD_LIBRARIES = YES;
				CODE_SIGN_STYLE = Automatic;
				CURRENT_PROJECT_VERSION = 1;
				DEVELOPMENT_TEAM = 3Y8DX3285Z;
				GENERATE_INFOPLIST_FILE = YES;
				MARKETING_VERSION = 1.0;
				PRODUCT_BUNDLE_IDENTIFIER = tcw.ttttt.uitest2UITests;
				PRODUCT_NAME = "$(TARGET_NAME)";
				SWIFT_EMIT_LOC_STRINGS = NO;
				SWIFT_VERSION = 5.0;
				TARGETED_DEVICE_FAMILY = "1,2";
				TEST_TARGET_NAME = uitest2;
			};
			name = Release;
		};
/* End XCBuildConfiguration section */

/* Begin XCConfigurationList section */
		5C47F7D52CA56034001BF41F /* Build configuration list for PBXProject "uitest2" */ = {
			isa = XCConfigurationList;
			buildConfigurations = (
				5C47F7FC2CA56039001BF41F /* Debug */,
				5C47F7FD2CA56039001BF41F /* Release */,
			);
			defaultConfigurationIsVisible = 0;
			defaultConfigurationName = Release;
		};
		5C47F7FE2CA56039001BF41F /* Build configuration list for PBXNativeTarget "uitest2" */ = {
			isa = XCConfigurationList;
			buildConfigurations = (
				5C47F7FF2CA56039001BF41F /* Debug */,
				5C47F8002CA56039001BF41F /* Release */,
			);
			defaultConfigurationIsVisible = 0;
			defaultConfigurationName = Release;
		};
		5C47F8012CA56039001BF41F /* Build configuration list for PBXNativeTarget "uitest2Tests" */ = {
			isa = XCConfigurationList;
			buildConfigurations = (
				5C47F8022CA56039001BF41F /* Debug */,
				5C47F8032CA56039001BF41F /* Release */,
			);
			defaultConfigurationIsVisible = 0;
			defaultConfigurationName = Release;
		};
		5C47F8042CA56039001BF41F /* Build configuration list for PBXNativeTarget "uitest2UITests" */ = {
			isa = XCConfigurationList;
			buildConfigurations = (
				5C47F8052CA56039001BF41F /* Debug */,
				5C47F8062CA56039001BF41F /* Release */,
			);
			defaultConfigurationIsVisible = 0;
			defaultConfigurationName = Release;
		};
/* End XCConfigurationList section */
	};
	rootObject = 5C47F7D22CA56034001BF41F /* Project object */;
}
